
Microsoft Visual Studio Solution File, Format Version 12.00
# Visual Studio Version 17
VisualStudioVersion = 17.10.35027.167
MinimumVisualStudioVersion = 10.0.40219.1
Project("{9A19103F-16F7-4668-BE54-9A1E7A4F7556}") = "Source", "Source\Source.csproj", "{3EEA60B9-3920-4E40-93F2-8041BA63F94F}"
EndProject
Project("{FAE04EC0-301F-11D3-BF4B-00C04F79EFBC}") = "Interface", "Interface\Interface.csproj", "{04AD7CCC-F450-4E25-B405-BCD904BEFE65}"
EndProject
Global
	GlobalSection(SolutionConfigurationPlatforms) = preSolution
		Debug|Any CPU = Debug|Any CPU
		Release|Any CPU = Release|Any CPU
	EndGlobalSection
	GlobalSection(ProjectConfigurationPlatforms) = postSolution
		{3EEA60B9-3920-4E40-93F2-8041BA63F94F}.Debug|Any CPU.ActiveCfg = Debug|Any CPU
		{3EEA60B9-3920-4E40-93F2-8041BA63F94F}.Debug|Any CPU.Build.0 = Debug|Any CPU
		{3EEA60B9-3920-4E40-93F2-8041BA63F94F}.Release|Any CPU.ActiveCfg = Release|Any CPU
		{3EEA60B9-3920-4E40-93F2-8041BA63F94F}.Release|Any CPU.Build.0 = Release|Any CPU
		{04AD7CCC-F450-4E25-B405-BCD904BEFE65}.Debug|Any CPU.ActiveCfg = Debug|Any CPU
		{04AD7CCC-F450-4E25-B405-BCD904BEFE65}.Debug|Any CPU.Build.0 = Debug|Any CPU
		{04AD7CCC-F450-4E25-B405-BCD904BEFE65}.Release|Any CPU.ActiveCfg = Release|Any CPU
		{04AD7CCC-F450-4E25-B405-BCD904BEFE65}.Release|Any CPU.Build.0 = Release|Any CPU
	EndGlobalSection
	GlobalSection(SolutionProperties) = preSolution
		HideSolutionNode = FALSE
	EndGlobalSection
	GlobalSection(ExtensibilityGlobals) = postSolution
		SolutionGuid = {99B4C51C-B77A-4422-940F-C9295B539DAF}
	EndGlobalSection
EndGlobal
